
Microsoft Visual Studio Solution File, Format Version 12.00
# Visual Studio Version 16
VisualStudioVersion = 16.0.29709.97
MinimumVisualStudioVersion = 10.0.40219.1
Project("{FAE04EC0-301F-11D3-BF4B-00C04F79EFBC}") = "tweet.UWP", "tweet\tweet.UWP\tweet.UWP.csproj", "{B778213A-72C2-42D7-AD0C-A6C5C0E918DA}"
EndProject
Project("{FAE04EC0-301F-11D3-BF4B-00C04F79EFBC}") = "tweet", "tweet\tweet\tweet.csproj", "{A6B11DC5-01A9-4FAE-8B16-9E3102A3D5A4}"
EndProject
Global
	GlobalSection(SolutionConfigurationPlatforms) = preSolution
		Debug|Any CPU = Debug|Any CPU
		Debug|ARM = Debug|ARM
		Debug|x64 = Debug|x64
		Debug|x86 = Debug|x86
		Release|Any CPU = Release|Any CPU
		Release|ARM = Release|ARM
		Release|x64 = Release|x64
		Release|x86 = Release|x86
	EndGlobalSection
	GlobalSection(ProjectConfigurationPlatforms) = postSolution
		{B778213A-72C2-42D7-AD0C-A6C5C0E918DA}.Debug|Any CPU.ActiveCfg = Debug|x86
		{B778213A-72C2-42D7-AD0C-A6C5C0E918DA}.Debug|Any CPU.Build.0 = Debug|x86
		{B778213A-72C2-42D7-AD0C-A6C5C0E918DA}.Debug|Any CPU.Deploy.0 = Debug|x86
		{B778213A-72C2-42D7-AD0C-A6C5C0E918DA}.Debug|ARM.ActiveCfg = Debug|ARM
		{B778213A-72C2-42D7-AD0C-A6C5C0E918DA}.Debug|ARM.Build.0 = Debug|ARM
		{B778213A-72C2-42D7-AD0C-A6C5C0E918DA}.Debug|ARM.Deploy.0 = Debug|ARM
		{B778213A-72C2-42D7-AD0C-A6C5C0E918DA}.Debug|x64.ActiveCfg = Debug|x64
		{B778213A-72C2-42D7-AD0C-A6C5C0E918DA}.Debug|x64.Build.0 = Debug|x64
		{B778213A-72C2-42D7-AD0C-A6C5C0E918DA}.Debug|x64.Deploy.0 = Debug|x64
		{B778213A-72C2-42D7-AD0C-A6C5C0E918DA}.Debug|x86.ActiveCfg = Debug|x86
		{B778213A-72C2-42D7-AD0C-A6C5C0E918DA}.Debug|x86.Build.0 = Debug|x86
		{B778213A-72C2-42D7-AD0C-A6C5C0E918DA}.Debug|x86.Deploy.0 = Debug|x86
		{B778213A-72C2-42D7-AD0C-A6C5C0E918DA}.Release|Any CPU.ActiveCfg = Release|x86
		{B778213A-72C2-42D7-AD0C-A6C5C0E918DA}.Release|Any CPU.Build.0 = Release|x86
		{B778213A-72C2-42D7-AD0C-A6C5C0E918DA}.Release|Any CPU.Deploy.0 = Release|x86
		{B778213A-72C2-42D7-AD0C-A6C5C0E918DA}.Release|ARM.ActiveCfg = Release|ARM
		{B778213A-72C2-42D7-AD0C-A6C5C0E918DA}.Release|ARM.Build.0 = Release|ARM
		{B778213A-72C2-42D7-AD0C-A6C5C0E918DA}.Release|ARM.Deploy.0 = Release|ARM
		{B778213A-72C2-42D7-AD0C-A6C5C0E918DA}.Release|x64.ActiveCfg = Release|x64
		{B778213A-72C2-42D7-AD0C-A6C5C0E918DA}.Release|x64.Build.0 = Release|x64
		{B778213A-72C2-42D7-AD0C-A6C5C0E918DA}.Release|x64.Deploy.0 = Release|x64
		{B778213A-72C2-42D7-AD0C-A6C5C0E918DA}.Release|x86.ActiveCfg = Release|x86
		{B778213A-72C2-42D7-AD0C-A6C5C0E918DA}.Release|x86.Build.0 = Release|x86
		{B778213A-72C2-42D7-AD0C-A6C5C0E918DA}.Release|x86.Deploy.0 = Release|x86
		{A6B11DC5-01A9-4FAE-8B16-9E3102A3D5A4}.Debug|Any CPU.ActiveCfg = Debug|Any CPU
		{A6B11DC5-01A9-4FAE-8B16-9E3102A3D5A4}.Debug|Any CPU.Build.0 = Debug|Any CPU
		{A6B11DC5-01A9-4FAE-8B16-9E3102A3D5A4}.Debug|Any CPU.Deploy.0 = Debug|Any CPU
		{A6B11DC5-01A9-4FAE-8B16-9E3102A3D5A4}.Debug|ARM.ActiveCfg = Debug|Any CPU
		{A6B11DC5-01A9-4FAE-8B16-9E3102A3D5A4}.Debug|ARM.Build.0 = Debug|Any CPU
		{A6B11DC5-01A9-4FAE-8B16-9E3102A3D5A4}.Debug|ARM.Deploy.0 = Debug|Any CPU
		{A6B11DC5-01A9-4FAE-8B16-9E3102A3D5A4}.Debug|x64.ActiveCfg = Debug|Any CPU
		{A6B11DC5-01A9-4FAE-8B16-9E3102A3D5A4}.Debug|x64.Build.0 = Debug|Any CPU
		{A6B11DC5-01A9-4FAE-8B16-9E3102A3D5A4}.Debug|x64.Deploy.0 = Debug|Any CPU
		{A6B11DC5-01A9-4FAE-8B16-9E3102A3D5A4}.Debug|x86.ActiveCfg = Debug|Any CPU
		{A6B11DC5-01A9-4FAE-8B16-9E3102A3D5A4}.Debug|x86.Build.0 = Debug|Any CPU
		{A6B11DC5-01A9-4FAE-8B16-9E3102A3D5A4}.Debug|x86.Deploy.0 = Debug|Any CPU
		{A6B11DC5-01A9-4FAE-8B16-9E3102A3D5A4}.Release|Any CPU.ActiveCfg = Release|Any CPU
		{A6B11DC5-01A9-4FAE-8B16-9E3102A3D5A4}.Release|Any CPU.Build.0 = Release|Any CPU
		{A6B11DC5-01A9-4FAE-8B16-9E3102A3D5A4}.Release|Any CPU.Deploy.0 = Release|Any CPU
		{A6B11DC5-01A9-4FAE-8B16-9E3102A3D5A4}.Release|ARM.ActiveCfg = Release|Any CPU
		{A6B11DC5-01A9-4FAE-8B16-9E3102A3D5A4}.Release|ARM.Build.0 = Release|Any CPU
		{A6B11DC5-01A9-4FAE-8B16-9E3102A3D5A4}.Release|ARM.Deploy.0 = Release|Any CPU
		{A6B11DC5-01A9-4FAE-8B16-9E3102A3D5A4}.Release|x64.ActiveCfg = Release|Any CPU
		{A6B11DC5-01A9-4FAE-8B16-9E3102A3D5A4}.Release|x64.Build.0 = Release|Any CPU
		{A6B11DC5-01A9-4FAE-8B16-9E3102A3D5A4}.Release|x64.Deploy.0 = Release|Any CPU
		{A6B11DC5-01A9-4FAE-8B16-9E3102A3D5A4}.Release|x86.ActiveCfg = Release|Any CPU
		{A6B11DC5-01A9-4FAE-8B16-9E3102A3D5A4}.Release|x86.Build.0 = Release|Any CPU
		{A6B11DC5-01A9-4FAE-8B16-9E3102A3D5A4}.Release|x86.Deploy.0 = Release|Any CPU
	EndGlobalSection
	GlobalSection(SolutionProperties) = preSolution
		HideSolutionNode = FALSE
	EndGlobalSection
	GlobalSection(ExtensibilityGlobals) = postSolution
		SolutionGuid = {6988FA1F-0D67-4C0D-BA87-F734D2B1CDDD}
	EndGlobalSection
EndGlobal
